
Microsoft Visual Studio Solution File, Format Version 12.00
# Visual Studio Version 17
VisualStudioVersion = 17.0.31903.59
MinimumVisualStudioVersion = 10.0.40219.1
Project("{FAE04EC0-301F-11D3-BF4B-00C04F79EFBC}") = "Jellyfin.Plugin.RatingsFixer", "Jellyfin.Plugin.RatingsFixer\Jellyfin.Plugin.RatingsFixer.csproj", "{BCE55E9C-85B2-452E-9526-4F47D3DADE7F}"
EndProject
Project("{FAE04EC0-301F-11D3-BF4B-00C04F79EFBC}") = "Jellyfin.Plugin.RatingsFixer.Tests", "Jellyfin.Plugin.RatingsFixer.Tests\Jellyfin.Plugin.RatingsFixer.Tests.csproj", "{D67FC1B3-A3E0-48D7-90A5-94DB6C946D7D}"
EndProject
Global
	GlobalSection(SolutionConfigurationPlatforms) = preSolution
		Debug|Any CPU = Debug|Any CPU
		Debug|x64 = Debug|x64
		Debug|x86 = Debug|x86
		Release|Any CPU = Release|Any CPU
		Release|x64 = Release|x64
		Release|x86 = Release|x86
	EndGlobalSection
	GlobalSection(ProjectConfigurationPlatforms) = postSolution
		{BCE55E9C-85B2-452E-9526-4F47D3DADE7F}.Debug|Any CPU.ActiveCfg = Debug|Any CPU
		{BCE55E9C-85B2-452E-9526-4F47D3DADE7F}.Debug|Any CPU.Build.0 = Debug|Any CPU
		{BCE55E9C-85B2-452E-9526-4F47D3DADE7F}.Debug|x64.ActiveCfg = Debug|Any CPU
		{BCE55E9C-85B2-452E-9526-4F47D3DADE7F}.Debug|x64.Build.0 = Debug|Any CPU
		{BCE55E9C-85B2-452E-9526-4F47D3DADE7F}.Debug|x86.ActiveCfg = Debug|Any CPU
		{BCE55E9C-85B2-452E-9526-4F47D3DADE7F}.Debug|x86.Build.0 = Debug|Any CPU
		{BCE55E9C-85B2-452E-9526-4F47D3DADE7F}.Release|Any CPU.ActiveCfg = Release|Any CPU
		{BCE55E9C-85B2-452E-9526-4F47D3DADE7F}.Release|Any CPU.Build.0 = Release|Any CPU
		{BCE55E9C-85B2-452E-9526-4F47D3DADE7F}.Release|x64.ActiveCfg = Release|Any CPU
		{BCE55E9C-85B2-452E-9526-4F47D3DADE7F}.Release|x64.Build.0 = Release|Any CPU
		{BCE55E9C-85B2-452E-9526-4F47D3DADE7F}.Release|x86.ActiveCfg = Release|Any CPU
		{BCE55E9C-85B2-452E-9526-4F47D3DADE7F}.Release|x86.Build.0 = Release|Any CPU
		{D67FC1B3-A3E0-48D7-90A5-94DB6C946D7D}.Debug|Any CPU.ActiveCfg = Debug|Any CPU
		{D67FC1B3-A3E0-48D7-90A5-94DB6C946D7D}.Debug|Any CPU.Build.0 = Debug|Any CPU
		{D67FC1B3-A3E0-48D7-90A5-94DB6C946D7D}.Debug|x64.ActiveCfg = Debug|Any CPU
		{D67FC1B3-A3E0-48D7-90A5-94DB6C946D7D}.Debug|x64.Build.0 = Debug|Any CPU
		{D67FC1B3-A3E0-48D7-90A5-94DB6C946D7D}.Debug|x86.ActiveCfg = Debug|Any CPU
		{D67FC1B3-A3E0-48D7-90A5-94DB6C946D7D}.Debug|x86.Build.0 = Debug|Any CPU
		{D67FC1B3-A3E0-48D7-90A5-94DB6C946D7D}.Release|Any CPU.ActiveCfg = Release|Any CPU
		{D67FC1B3-A3E0-48D7-90A5-94DB6C946D7D}.Release|Any CPU.Build.0 = Release|Any CPU
		{D67FC1B3-A3E0-48D7-90A5-94DB6C946D7D}.Release|x64.ActiveCfg = Release|Any CPU
		{D67FC1B3-A3E0-48D7-90A5-94DB6C946D7D}.Release|x64.Build.0 = Release|Any CPU
		{D67FC1B3-A3E0-48D7-90A5-94DB6C946D7D}.Release|x86.ActiveCfg = Release|Any CPU
		{D67FC1B3-A3E0-48D7-90A5-94DB6C946D7D}.Release|x86.Build.0 = Release|Any CPU
	EndGlobalSection
	GlobalSection(SolutionProperties) = preSolution
		HideSolutionNode = FALSE
	EndGlobalSection
EndGlobal
